PODS:
  - Flutter (1.0.0)
  - flutter_compass (0.0.1):
    - Flutter
  - geolocator_apple (1.2.0):
    - Flutter
  - local_auth_darwin (0.0.1):
    - Flutter
  - path_provider_foundation (0.0.1):
    - Flutter
    - FlutterMacOS
  - permission_handler_apple (9.3.0):
    - Flutter
  - sensors_plus (0.0.1):
    - Flutter
  - share_plus (0.0.1):
    - Flutter

DEPENDENCIES:
  - Flutter (from `Flutter`)
  - flutter_compass (from `.symlinks/plugins/flutter_compass/ios`)
  - geolocator_apple (from `.symlinks/plugins/geolocator_apple/ios`)
  - local_auth_darwin (from `.symlinks/plugins/local_auth_darwin/darwin`)
  - path_provider_foundation (from `.symlinks/plugins/path_provider_foundation/darwin`)
  - permission_handler_apple (from `.symlinks/plugins/permission_handler_apple/ios`)
  - sensors_plus (from `.symlinks/plugins/sensors_plus/ios`)
  - share_plus (from `.symlinks/plugins/share_plus/ios`)

EXTERNAL SOURCES:
  Flutter:
    :path: Flutter
  flutter_compass:
    :path: ".symlinks/plugins/flutter_compass/ios"
  geolocator_apple:
    :path: ".symlinks/plugins/geolocator_apple/ios"
  local_auth_darwin:
    :path: ".symlinks/plugins/local_auth_darwin/darwin"
  path_provider_foundation:
    :path: ".symlinks/plugins/path_provider_foundation/darwin"
  permission_handler_apple:
    :path: ".symlinks/plugins/permission_handler_apple/ios"
  sensors_plus:
    :path: ".symlinks/plugins/sensors_plus/ios"
  share_plus:
    :path: ".symlinks/plugins/share_plus/ios"

SPEC CHECKSUMS:
  Flutter: e0871f40cf51350855a761d2e70bf5af5b9b5de7
  flutter_compass: cbbd285cea1584c7ac9c4e0c3e1f17cbea55e855
  geolocator_apple: 9157311f654584b9bb72686c55fc02a97b73f461
  local_auth_darwin: c7e464000a6a89e952235699e32b329457608d98
  path_provider_foundation: 3784922295ac71e43754bd15e0653ccfd36a147c
  permission_handler_apple: 036b856153a2b1f61f21030ff725f3e6fece2b78
  sensors_plus: 42b9de1b8237675fa8d8121e4bb93be0f79fa61d
  share_plus: 056a1e8ac890df3e33cb503afffaf1e9b4fbae68

PODFILE CHECKSUM: e5493faad3fc3f6c4525cb64f2dced6c8b8742ad

COCOAPODS: 1.14.3
